// !$*UTF8*$!
{
	archiveVersion = 1;
	classes = {
	};
	objectVersion = 50;
	objects = {

/* Begin PBXBuildFile section */
		60FCC41A953503916F1F51B6 /* Pods_NewsKit_Demo.framework in Frameworks */ = {isa = PBXBuildFile; fileRef = 3DEC062AEAAD8668DFE61DDD /* Pods_NewsKit_Demo.framework */; };
		FA447B72239DD21500632C44 /* CollectionViewCell.swift in Sources */ = {isa = PBXBuildFile; fileRef = FA447B70239DD21400632C44 /* CollectionViewCell.swift */; };
		FA447B73239DD21500632C44 /* CollectionViewCell.xib in Resources */ = {isa = PBXBuildFile; fileRef = FA447B71239DD21400632C44 /* CollectionViewCell.xib */; };
		FA447B77239DDE8100632C44 /* MainViewController.swift in Sources */ = {isa = PBXBuildFile; fileRef = FA447B76239DDE8100632C44 /* MainViewController.swift */; };
		FA447B79239DE05000632C44 /* NewsCollectionViewCell.swift in Sources */ = {isa = PBXBuildFile; fileRef = FA447B78239DE05000632C44 /* NewsCollectionViewCell.swift */; };
		FA699451239DCE5A0050EF54 /* AppDelegate.swift in Sources */ = {isa = PBXBuildFile; fileRef = FA699450239DCE5A0050EF54 /* AppDelegate.swift */; };
		FA699453239DCE5A0050EF54 /* SceneDelegate.swift in Sources */ = {isa = PBXBuildFile; fileRef = FA699452239DCE5A0050EF54 /* SceneDelegate.swift */; };
		FA699455239DCE5A0050EF54 /* ViewController.swift in Sources */ = {isa = PBXBuildFile; fileRef = FA699454239DCE5A0050EF54 /* ViewController.swift */; };
		FA699458239DCE5A0050EF54 /* Main.storyboard in Resources */ = {isa = PBXBuildFile; fileRef = FA699456239DCE5A0050EF54 /* Main.storyboard */; };
		FA69945A239DCE600050EF54 /* Assets.xcassets in Resources */ = {isa = PBXBuildFile; fileRef = FA699459239DCE600050EF54 /* Assets.xcassets */; };
		FA69945D239DCE600050EF54 /* LaunchScreen.storyboard in Resources */ = {isa = PBXBuildFile; fileRef = FA69945B239DCE600050EF54 /* LaunchScreen.storyboard */; };
		FA719E5B239EDAFD00DF55F1 /* NewsController.swift in Sources */ = {isa = PBXBuildFile; fileRef = FA719E5A239EDAFD00DF55F1 /* NewsController.swift */; };
		FA78362B239EDC68006713B9 /* Extensions.swift in Sources */ = {isa = PBXBuildFile; fileRef = FA78362A239EDC68006713B9 /* Extensions.swift */; };
		FA78362F239EDD00006713B9 /* Article.swift in Sources */ = {isa = PBXBuildFile; fileRef = FA78362E239EDD00006713B9 /* Article.swift */; };
		FA783631239EE089006713B9 /* BrowserViewController.swift in Sources */ = {isa = PBXBuildFile; fileRef = FA783630239EE089006713B9 /* BrowserViewController.swift */; };
/* End PBXBuildFile section */

/* Begin PBXFileReference section */
		3DEC062AEAAD8668DFE61DDD /* Pods_NewsKit_Demo.framework */ = {isa = PBXFileReference; explicitFileType = wrapper.framework; includeInIndex = 0; path = Pods_NewsKit_Demo.framework; sourceTree = BUILT_PRODUCTS_DIR; };
		59823685F034656A530AAB71 /* Pods-NewsKit-Demo.release.xcconfig */ = {isa = PBXFileReference; includeInIndex = 1; lastKnownFileType = text.xcconfig; name = "Pods-NewsKit-Demo.release.xcconfig"; path = "Target Support Files/Pods-NewsKit-Demo/Pods-NewsKit-Demo.release.xcconfig"; sourceTree = "<group>"; };
		7B832E2E4BA4D1ED1C6929EE /* Pods-NewsKit-Demo.debug.xcconfig */ = {isa = PBXFileReference; includeInIndex = 1; lastKnownFileType = text.xcconfig; name = "Pods-NewsKit-Demo.debug.xcconfig"; path = "Target Support Files/Pods-NewsKit-Demo/Pods-NewsKit-Demo.debug.xcconfig"; sourceTree = "<group>"; };
		FA447B70239DD21400632C44 /* CollectionViewCell.swift */ = {isa = PBXFileReference; fileEncoding = 4; lastKnownFileType = sourcecode.swift; path = CollectionViewCell.swift; sourceTree = "<group>"; };
		FA447B71239DD21400632C44 /* CollectionViewCell.xib */ = {isa = PBXFileReference; fileEncoding = 4; lastKnownFileType = file.xib; path = CollectionViewCell.xib; sourceTree = "<group>"; };
		FA447B76239DDE8100632C44 /* MainViewController.swift */ = {isa = PBXFileReference; lastKnownFileType = sourcecode.swift; path = MainViewController.swift; sourceTree = "<group>"; };
		FA447B78239DE05000632C44 /* NewsCollectionViewCell.swift */ = {isa = PBXFileReference; lastKnownFileType = sourcecode.swift; path = NewsCollectionViewCell.swift; sourceTree = "<group>"; };
		FA69944D239DCE5A0050EF54 /* NewsKit-Demo.app */ = {isa = PBXFileReference; explicitFileType = wrapper.application; includeInIndex = 0; path = "NewsKit-Demo.app"; sourceTree = BUILT_PRODUCTS_DIR; };
		FA699450239DCE5A0050EF54 /* AppDelegate.swift */ = {isa = PBXFileReference; lastKnownFileType = sourcecode.swift; path = AppDelegate.swift; sourceTree = "<group>"; };
		FA699452239DCE5A0050EF54 /* SceneDelegate.swift */ = {isa = PBXFileReference; lastKnownFileType = sourcecode.swift; path = SceneDelegate.swift; sourceTree = "<group>"; };
		FA699454239DCE5A0050EF54 /* ViewController.swift */ = {isa = PBXFileReference; lastKnownFileType = sourcecode.swift; path = ViewController.swift; sourceTree = "<group>"; };
		FA699457239DCE5A0050EF54 /* Base */ = {isa = PBXFileReference; lastKnownFileType = file.storyboard; name = Base; path = Base.lproj/Main.storyboard; sourceTree = "<group>"; };
		FA699459239DCE600050EF54 /* Assets.xcassets */ = {isa = PBXFileReference; lastKnownFileType = folder.assetcatalog; path = Assets.xcassets; sourceTree = "<group>"; };
		FA69945C239DCE600050EF54 /* Base */ = {isa = PBXFileReference; lastKnownFileType = file.storyboard; name = Base; path = Base.lproj/LaunchScreen.storyboard; sourceTree = "<group>"; };
		FA69945E239DCE600050EF54 /* Info.plist */ = {isa = PBXFileReference; lastKnownFileType = text.plist.xml; path = Info.plist; sourceTree = "<group>"; };
		FA719E5A239EDAFD00DF55F1 /* NewsController.swift */ = {isa = PBXFileReference; lastKnownFileType = sourcecode.swift; path = NewsController.swift; sourceTree = "<group>"; };
		FA78362A239EDC68006713B9 /* Extensions.swift */ = {isa = PBXFileReference; lastKnownFileType = sourcecode.swift; path = Extensions.swift; sourceTree = "<group>"; };
		FA78362E239EDD00006713B9 /* Article.swift */ = {isa = PBXFileReference; lastKnownFileType = sourcecode.swift; path = Article.swift; sourceTree = "<group>"; };
		FA783630239EE089006713B9 /* BrowserViewController.swift */ = {isa = PBXFileReference; lastKnownFileType = sourcecode.swift; path = BrowserViewController.swift; sourceTree = "<group>"; };
/* End PBXFileReference section */

/* Begin PBXFrameworksBuildPhase section */
		FA69944A239DCE5A0050EF54 /* Frameworks */ = {
			isa = PBXFrameworksBuildPhase;
			buildActionMask = 2147483647;
			files = (
				60FCC41A953503916F1F51B6 /* Pods_NewsKit_Demo.framework in Frameworks */,
			);
			runOnlyForDeploymentPostprocessing = 0;
		};
/* End PBXFrameworksBuildPhase section */

/* Begin PBXGroup section */
		27A313E824366BB15B3B4072 /* Pods */ = {
			isa = PBXGroup;
			children = (
				7B832E2E4BA4D1ED1C6929EE /* Pods-NewsKit-Demo.debug.xcconfig */,
				59823685F034656A530AAB71 /* Pods-NewsKit-Demo.release.xcconfig */,
			);
			path = Pods;
			sourceTree = "<group>";
		};
		9E270B40DFD4FF326DF7BBDD /* Frameworks */ = {
			isa = PBXGroup;
			children = (
				3DEC062AEAAD8668DFE61DDD /* Pods_NewsKit_Demo.framework */,
			);
			name = Frameworks;
			sourceTree = "<group>";
		};
		FA699444239DCE5A0050EF54 = {
			isa = PBXGroup;
			children = (
				FA69944F239DCE5A0050EF54 /* NewsKit-Demo */,
				FA69944E239DCE5A0050EF54 /* Products */,
				27A313E824366BB15B3B4072 /* Pods */,
				9E270B40DFD4FF326DF7BBDD /* Frameworks */,
			);
			sourceTree = "<group>";
		};
		FA69944E239DCE5A0050EF54 /* Products */ = {
			isa = PBXGroup;
			children = (
				FA69944D239DCE5A0050EF54 /* NewsKit-Demo.app */,
			);
			name = Products;
			sourceTree = "<group>";
		};
		FA69944F239DCE5A0050EF54 /* NewsKit-Demo */ = {
			isa = PBXGroup;
			children = (
				FA699469239DD0E70050EF54 /* Storyboards */,
				FA78362C239EDCB5006713B9 /* Resources */,
				FA78362D239EDCEF006713B9 /* Models */,
				FA719E5C239EDB0400DF55F1 /* Controllers */,
				FA719E5D239EDB0F00DF55F1 /* View Controllers */,
				FA719E5E239EDB2500DF55F1 /* Views */,
				FA699459239DCE600050EF54 /* Assets.xcassets */,
				FA447B70239DD21400632C44 /* CollectionViewCell.swift */,
				FA447B71239DD21400632C44 /* CollectionViewCell.xib */,
				FA69945E239DCE600050EF54 /* Info.plist */,
			);
			path = "NewsKit-Demo";
			sourceTree = "<group>";
		};
		FA699469239DD0E70050EF54 /* Storyboards */ = {
			isa = PBXGroup;
			children = (
				FA699456239DCE5A0050EF54 /* Main.storyboard */,
				FA69945B239DCE600050EF54 /* LaunchScreen.storyboard */,
			);
			path = Storyboards;
			sourceTree = "<group>";
		};
		FA719E5C239EDB0400DF55F1 /* Controllers */ = {
			isa = PBXGroup;
			children = (
				FA719E5A239EDAFD00DF55F1 /* NewsController.swift */,
			);
			path = Controllers;
			sourceTree = "<group>";
		};
		FA719E5D239EDB0F00DF55F1 /* View Controllers */ = {
			isa = PBXGroup;
			children = (
				FA447B76239DDE8100632C44 /* MainViewController.swift */,
				FA783630239EE089006713B9 /* BrowserViewController.swift */,
				FA699454239DCE5A0050EF54 /* ViewController.swift */,
			);
			path = "View Controllers";
			sourceTree = "<group>";
		};
		FA719E5E239EDB2500DF55F1 /* Views */ = {
			isa = PBXGroup;
			children = (
				FA447B78239DE05000632C44 /* NewsCollectionViewCell.swift */,
			);
			path = Views;
			sourceTree = "<group>";
		};
		FA78362C239EDCB5006713B9 /* Resources */ = {
			isa = PBXGroup;
			children = (
				FA699450239DCE5A0050EF54 /* AppDelegate.swift */,
				FA699452239DCE5A0050EF54 /* SceneDelegate.swift */,
				FA78362A239EDC68006713B9 /* Extensions.swift */,
			);
			path = Resources;
			sourceTree = "<group>";
		};
		FA78362D239EDCEF006713B9 /* Models */ = {
			isa = PBXGroup;
			children = (
				FA78362E239EDD00006713B9 /* Article.swift */,
			);
			path = Models;
			sourceTree = "<group>";
		};
/* End PBXGroup section */

/* Begin PBXNativeTarget section */
		FA69944C239DCE5A0050EF54 /* NewsKit-Demo */ = {
			isa = PBXNativeTarget;
			buildConfigurationList = FA699461239DCE600050EF54 /* Build configuration list for PBXNativeTarget "NewsKit-Demo" */;
			buildPhases = (
				B5D37F74793A5930B4204FA9 /* [CP] Check Pods Manifest.lock */,
				FA699449239DCE5A0050EF54 /* Sources */,
				FA69944A239DCE5A0050EF54 /* Frameworks */,
				FA69944B239DCE5A0050EF54 /* Resources */,
				50999BFE95FC906BCF6ABA8C /* [CP] Embed Pods Frameworks */,
			);
			buildRules = (
			);
			dependencies = (
			);
			name = "NewsKit-Demo";
			productName = "NewsKit-Demo";
			productReference = FA69944D239DCE5A0050EF54 /* NewsKit-Demo.app */;
			productType = "com.apple.product-type.application";
		};
/* End PBXNativeTarget section */

/* Begin PBXProject section */
		FA699445239DCE5A0050EF54 /* Project object */ = {
			isa = PBXProject;
			attributes = {
				LastSwiftUpdateCheck = 1120;
				LastUpgradeCheck = 1120;
				ORGANIZATIONNAME = NewsKit;
				TargetAttributes = {
					FA69944C239DCE5A0050EF54 = {
						CreatedOnToolsVersion = 11.2.1;
					};
				};
			};
			buildConfigurationList = FA699448239DCE5A0050EF54 /* Build configuration list for PBXProject "NewsKit-Demo" */;
			compatibilityVersion = "Xcode 9.3";
			developmentRegion = en;
			hasScannedForEncodings = 0;
			knownRegions = (
				en,
				Base,
			);
			mainGroup = FA699444239DCE5A0050EF54;
			productRefGroup = FA69944E239DCE5A0050EF54 /* Products */;
			projectDirPath = "";
			projectRoot = "";
			targets = (
				FA69944C239DCE5A0050EF54 /* NewsKit-Demo */,
			);
		};
/* End PBXProject section */

/* Begin PBXResourcesBuildPhase section */
		FA69944B239DCE5A0050EF54 /* Resources */ = {
			isa = PBXResourcesBuildPhase;
			buildActionMask = 2147483647;
			files = (
				FA69945D239DCE600050EF54 /* LaunchScreen.storyboard in Resources */,
				FA69945A239DCE600050EF54 /* Assets.xcassets in Resources */,
				FA699458239DCE5A0050EF54 /* Main.storyboard in Resources */,
				FA447B73239DD21500632C44 /* CollectionViewCell.xib in Resources */,
			);
			runOnlyForDeploymentPostprocessing = 0;
		};
/* End PBXResourcesBuildPhase section */

/* Begin PBXShellScriptBuildPhase section */
		50999BFE95FC906BCF6ABA8C /* [CP] Embed Pods Frameworks */ = {
			isa = PBXShellScriptBuildPhase;
			buildActionMask = 2147483647;
			files = (
			);
			inputFileListPaths = (
			);
			inputPaths = (
				"${PODS_ROOT}/Target Support Files/Pods-NewsKit-Demo/Pods-NewsKit-Demo-frameworks.sh",
				"${BUILT_PRODUCTS_DIR}/Ji/Ji.framework",
				"${BUILT_PRODUCTS_DIR}/ReadabilityKit/ReadabilityKit.framework",
				"${BUILT_PRODUCTS_DIR}/SwiftSoup/SwiftSoup.framework",
			);
			name = "[CP] Embed Pods Frameworks";
			outputFileListPaths = (
			);
			outputPaths = (
				"${TARGET_BUILD_DIR}/${FRAMEWORKS_FOLDER_PATH}/Ji.framework",
				"${TARGET_BUILD_DIR}/${FRAMEWORKS_FOLDER_PATH}/ReadabilityKit.framework",
				"${TARGET_BUILD_DIR}/${FRAMEWORKS_FOLDER_PATH}/SwiftSoup.framework",
			);
			runOnlyForDeploymentPostprocessing = 0;
			shellPath = /bin/sh;
			shellScript = "\"${PODS_ROOT}/Target Support Files/Pods-NewsKit-Demo/Pods-NewsKit-Demo-frameworks.sh\"\n";
			showEnvVarsInLog = 0;
		};
		B5D37F74793A5930B4204FA9 /* [CP] Check Pods Manifest.lock */ = {
			isa = PBXShellScriptBuildPhase;
			buildActionMask = 2147483647;
			files = (
			);
			inputFileListPaths = (
			);
			inputPaths = (
				"${PODS_PODFILE_DIR_PATH}/Podfile.lock",
				"${PODS_ROOT}/Manifest.lock",
			);
			name = "[CP] Check Pods Manifest.lock";
			outputFileListPaths = (
			);
			outputPaths = (
				"$(DERIVED_FILE_DIR)/Pods-NewsKit-Demo-checkManifestLockResult.txt",
			);
			runOnlyForDeploymentPostprocessing = 0;
			shellPath = /bin/sh;
			shellScript = "diff \"${PODS_PODFILE_DIR_PATH}/Podfile.lock\" \"${PODS_ROOT}/Manifest.lock\" > /dev/null\nif [ $? != 0 ] ; then\n    # print error to STDERR\n    echo \"error: The sandbox is not in sync with the Podfile.lock. Run 'pod install' or update your CocoaPods installation.\" >&2\n    exit 1\nfi\n# This output is used by Xcode 'outputs' to avoid re-running this script phase.\necho \"SUCCESS\" > \"${SCRIPT_OUTPUT_FILE_0}\"\n";
			showEnvVarsInLog = 0;
		};
/* End PBXShellScriptBuildPhase section */

/* Begin PBXSourcesBuildPhase section */
		FA699449239DCE5A0050EF54 /* Sources */ = {
			isa = PBXSourcesBuildPhase;
			buildActionMask = 2147483647;
			files = (
				FA447B77239DDE8100632C44 /* MainViewController.swift in Sources */,
				FA447B72239DD21500632C44 /* CollectionViewCell.swift in Sources */,
				FA78362F239EDD00006713B9 /* Article.swift in Sources */,
				FA447B79239DE05000632C44 /* NewsCollectionViewCell.swift in Sources */,
				FA78362B239EDC68006713B9 /* Extensions.swift in Sources */,
				FA719E5B239EDAFD00DF55F1 /* NewsController.swift in Sources */,
				FA699455239DCE5A0050EF54 /* ViewController.swift in Sources */,
				FA783631239EE089006713B9 /* BrowserViewController.swift in Sources */,
				FA699451239DCE5A0050EF54 /* AppDelegate.swift in Sources */,
				FA699453239DCE5A0050EF54 /* SceneDelegate.swift in Sources */,
			);
			runOnlyForDeploymentPostprocessing = 0;
		};
/* End PBXSourcesBuildPhase section */

/* Begin PBXVariantGroup section */
		FA699456239DCE5A0050EF54 /* Main.storyboard */ = {
			isa = PBXVariantGroup;
			children = (
				FA699457239DCE5A0050EF54 /* Base */,
			);
			name = Main.storyboard;
			sourceTree = "<group>";
		};
		FA69945B239DCE600050EF54 /* LaunchScreen.storyboard */ = {
			isa = PBXVariantGroup;
			children = (
				FA69945C239DCE600050EF54 /* Base */,
			);
			name = LaunchScreen.storyboard;
			sourceTree = "<group>";
		};
/* End PBXVariantGroup section */

/* Begin XCBuildConfiguration section */
		FA69945F239DCE600050EF54 /* Debug */ = {
			isa = XCBuildConfiguration;
			buildSettings = {
				ALWAYS_SEARCH_USER_PATHS = NO;
				CLANG_ANALYZER_NONNULL = YES;
				CLANG_ANALYZER_NUMBER_OBJECT_CONVERSION = YES_AGGRESSIVE;
				CLANG_CXX_LANGUAGE_STANDARD = "gnu++14";
				CLANG_CXX_LIBRARY = "libc++";
				CLANG_ENABLE_MODULES = YES;
				CLANG_ENABLE_OBJC_ARC = YES;
				CLANG_ENABLE_OBJC_WEAK = YES;
				CLANG_WARN_BLOCK_CAPTURE_AUTORELEASING = YES;
				CLANG_WARN_BOOL_CONVERSION = YES;
				CLANG_WARN_COMMA = YES;
				CLANG_WARN_CONSTANT_CONVERSION = YES;
				CLANG_WARN_DEPRECATED_OBJC_IMPLEMENTATIONS = YES;
				CLANG_WARN_DIRECT_OBJC_ISA_USAGE = YES_ERROR;
				CLANG_WARN_DOCUMENTATION_COMMENTS = YES;
				CLANG_WARN_EMPTY_BODY = YES;
				CLANG_WARN_ENUM_CONVERSION = YES;
				CLANG_WARN_INFINITE_RECURSION = YES;
				CLANG_WARN_INT_CONVERSION = YES;
				CLANG_WARN_NON_LITERAL_NULL_CONVERSION = YES;
				CLANG_WARN_OBJC_IMPLICIT_RETAIN_SELF = YES;
				CLANG_WARN_OBJC_LITERAL_CONVERSION = YES;
				CLANG_WARN_OBJC_ROOT_CLASS = YES_ERROR;
				CLANG_WARN_RANGE_LOOP_ANALYSIS = YES;
				CLANG_WARN_STRICT_PROTOTYPES = YES;
				CLANG_WARN_SUSPICIOUS_MOVE = YES;
				CLANG_WARN_UNGUARDED_AVAILABILITY = YES_AGGRESSIVE;
				CLANG_WARN_UNREACHABLE_CODE = YES;
				CLANG_WARN__DUPLICATE_METHOD_MATCH = YES;
				COPY_PHASE_STRIP = NO;
				DEBUG_INFORMATION_FORMAT = dwarf;
				ENABLE_STRICT_OBJC_MSGSEND = YES;
				ENABLE_TESTABILITY = YES;
				GCC_C_LANGUAGE_STANDARD = gnu11;
				GCC_DYNAMIC_NO_PIC = NO;
				GCC_NO_COMMON_BLOCKS = YES;
				GCC_OPTIMIZATION_LEVEL = 0;
				GCC_PREPROCESSOR_DEFINITIONS = (
					"DEBUG=1",
					"$(inherited)",
				);
				GCC_WARN_64_TO_32_BIT_CONVERSION = YES;
				GCC_WARN_ABOUT_RETURN_TYPE = YES_ERROR;
				GCC_WARN_UNDECLARED_SELECTOR = YES;
				GCC_WARN_UNINITIALIZED_AUTOS = YES_AGGRESSIVE;
				GCC_WARN_UNUSED_FUNCTION = YES;
				GCC_WARN_UNUSED_VARIABLE = YES;
				IPHONEOS_DEPLOYMENT_TARGET = 13.2;
				MTL_ENABLE_DEBUG_INFO = INCLUDE_SOURCE;
				MTL_FAST_MATH = YES;
				ONLY_ACTIVE_ARCH = YES;
				SDKROOT = iphoneos;
				SWIFT_ACTIVE_COMPILATION_CONDITIONS = DEBUG;
				SWIFT_OPTIMIZATION_LEVEL = "-Onone";
			};
			name = Debug;
		};
		FA699460239DCE600050EF54 /* Release */ = {
			isa = XCBuildConfiguration;
			buildSettings = {
				ALWAYS_SEARCH_USER_PATHS = NO;
				CLANG_ANALYZER_NONNULL = YES;
				CLANG_ANALYZER_NUMBER_OBJECT_CONVERSION = YES_AGGRESSIVE;
				CLANG_CXX_LANGUAGE_STANDARD = "gnu++14";
				CLANG_CXX_LIBRARY = "libc++";
				CLANG_ENABLE_MODULES = YES;
				CLANG_ENABLE_OBJC_ARC = YES;
				CLANG_ENABLE_OBJC_WEAK = YES;
				CLANG_WARN_BLOCK_CAPTURE_AUTORELEASING = YES;
				CLANG_WARN_BOOL_CONVERSION = YES;
				CLANG_WARN_COMMA = YES;
				CLANG_WARN_CONSTANT_CONVERSION = YES;
				CLANG_WARN_DEPRECATED_OBJC_IMPLEMENTATIONS = YES;
				CLANG_WARN_DIRECT_OBJC_ISA_USAGE = YES_ERROR;
				CLANG_WARN_DOCUMENTATION_COMMENTS = YES;
				CLANG_WARN_EMPTY_BODY = YES;
				CLANG_WARN_ENUM_CONVERSION = YES;
				CLANG_WARN_INFINITE_RECURSION = YES;
				CLANG_WARN_INT_CONVERSION = YES;
				CLANG_WARN_NON_LITERAL_NULL_CONVERSION = YES;
				CLANG_WARN_OBJC_IMPLICIT_RETAIN_SELF = YES;
				CLANG_WARN_OBJC_LITERAL_CONVERSION = YES;
				CLANG_WARN_OBJC_ROOT_CLASS = YES_ERROR;
				CLANG_WARN_RANGE_LOOP_ANALYSIS = YES;
				CLANG_WARN_STRICT_PROTOTYPES = YES;
				CLANG_WARN_SUSPICIOUS_MOVE = YES;
				CLANG_WARN_UNGUARDED_AVAILABILITY = YES_AGGRESSIVE;
				CLANG_WARN_UNREACHABLE_CODE = YES;
				CLANG_WARN__DUPLICATE_METHOD_MATCH = YES;
				COPY_PHASE_STRIP = NO;
				DEBUG_INFORMATION_FORMAT = "dwarf-with-dsym";
				ENABLE_NS_ASSERTIONS = NO;
				ENABLE_STRICT_OBJC_MSGSEND = YES;
				GCC_C_LANGUAGE_STANDARD = gnu11;
				GCC_NO_COMMON_BLOCKS = YES;
				GCC_WARN_64_TO_32_BIT_CONVERSION = YES;
				GCC_WARN_ABOUT_RETURN_TYPE = YES_ERROR;
				GCC_WARN_UNDECLARED_SELECTOR = YES;
				GCC_WARN_UNINITIALIZED_AUTOS = YES_AGGRESSIVE;
				GCC_WARN_UNUSED_FUNCTION = YES;
				GCC_WARN_UNUSED_VARIABLE = YES;
				IPHONEOS_DEPLOYMENT_TARGET = 13.2;
				MTL_ENABLE_DEBUG_INFO = NO;
				MTL_FAST_MATH = YES;
				SDKROOT = iphoneos;
				SWIFT_COMPILATION_MODE = wholemodule;
				SWIFT_OPTIMIZATION_LEVEL = "-O";
				VALIDATE_PRODUCT = YES;
			};
			name = Release;
		};
		FA699462239DCE600050EF54 /* Debug */ = {
			isa = XCBuildConfiguration;
			baseConfigurationReference = 7B832E2E4BA4D1ED1C6929EE /* Pods-NewsKit-Demo.debug.xcconfig */;
			buildSettings = {
				ASSETCATALOG_COMPILER_APPICON_NAME = AppIcon;
				CODE_SIGN_STYLE = Automatic;
				DEVELOPMENT_TEAM = HQP2ZWNS2F;
				INFOPLIST_FILE = "NewsKit-Demo/Info.plist";
				IPHONEOS_DEPLOYMENT_TARGET = 13.0;
				LD_RUNPATH_SEARCH_PATHS = (
					"$(inherited)",
					"@executable_path/Frameworks",
				);
				PRODUCT_BUNDLE_IDENTIFIER = "com.NewsKit.NewsKit-Demo";
				PRODUCT_NAME = "$(TARGET_NAME)";
				SWIFT_VERSION = 5.0;
				TARGETED_DEVICE_FAMILY = "1,2";
			};
			name = Debug;
		};
		FA699463239DCE600050EF54 /* Release */ = {
			isa = XCBuildConfiguration;
			baseConfigurationReference = 59823685F034656A530AAB71 /* Pods-NewsKit-Demo.release.xcconfig */;
			buildSettings = {
				ASSETCATALOG_COMPILER_APPICON_NAME = AppIcon;
				CODE_SIGN_STYLE = Automatic;
				DEVELOPMENT_TEAM = HQP2ZWNS2F;
				INFOPLIST_FILE = "NewsKit-Demo/Info.plist";
				IPHONEOS_DEPLOYMENT_TARGET = 13.0;
				LD_RUNPATH_SEARCH_PATHS = (
					"$(inherited)",
					"@executable_path/Frameworks",
				);
				PRODUCT_BUNDLE_IDENTIFIER = "com.NewsKit.NewsKit-Demo";
				PRODUCT_NAME = "$(TARGET_NAME)";
				SWIFT_VERSION = 5.0;
				TARGETED_DEVICE_FAMILY = "1,2";
			};
			name = Release;
		};
/* End XCBuildConfiguration section */

/* Begin XCConfigurationList section */
		FA699448239DCE5A0050EF54 /* Build configuration list for PBXProject "NewsKit-Demo" */ = {
			isa = XCConfigurationList;
			buildConfigurations = (
				FA69945F239DCE600050EF54 /* Debug */,
				FA699460239DCE600050EF54 /* Release */,
			);
			defaultConfigurationIsVisible = 0;
			defaultConfigurationName = Release;
		};
		FA699461239DCE600050EF54 /* Build configuration list for PBXNativeTarget "NewsKit-Demo" */ = {
			isa = XCConfigurationList;
			buildConfigurations = (
				FA699462239DCE600050EF54 /* Debug */,
				FA699463239DCE600050EF54 /* Release */,
			);
			defaultConfigurationIsVisible = 0;
			defaultConfigurationName = Release;
		};
/* End XCConfigurationList section */
	};
	rootObject = FA699445239DCE5A0050EF54 /* Project object */;
}
